
Microsoft Visual Studio Solution File, Format Version 12.00
# Visual Studio 2012
Project("{FAE04EC0-301F-11D3-BF4B-00C04F79EFBC}") = "XFPrismTemplate", "XFPrismTemplate\XFPrismTemplate.csproj", "{74E61C93-70D0-4215-9BF1-446B38EAA616}"
EndProject
Project("{FAE04EC0-301F-11D3-BF4B-00C04F79EFBC}") = "XFPrismTemplate.iOS", "XFPrismTemplate.iOS\XFPrismTemplate.iOS.csproj", "{6B33F81C-BE44-48B9-BE7E-5A0218C9EF77}"
EndProject
Project("{FAE04EC0-301F-11D3-BF4B-00C04F79EFBC}") = "XFPrismTemplate.Droid", "XFPrismTemplate.Droid\XFPrismTemplate.Droid.csproj", "{5152B9DE-9864-41C1-AC56-068583CE5539}"
EndProject
Global
	GlobalSection(SolutionConfigurationPlatforms) = preSolution
		Debug|Any CPU = Debug|Any CPU
		Release|Any CPU = Release|Any CPU
		Debug|iPhoneSimulator = Debug|iPhoneSimulator
		Release|iPhone = Release|iPhone
		Release|iPhoneSimulator = Release|iPhoneSimulator
		Debug|iPhone = Debug|iPhone
	EndGlobalSection
	GlobalSection(ProjectConfigurationPlatforms) = postSolution
		{74E61C93-70D0-4215-9BF1-446B38EAA616}.Debug|Any CPU.ActiveCfg = Debug|Any CPU
		{74E61C93-70D0-4215-9BF1-446B38EAA616}.Debug|Any CPU.Build.0 = Debug|Any CPU
		{74E61C93-70D0-4215-9BF1-446B38EAA616}.Release|Any CPU.ActiveCfg = Release|Any CPU
		{74E61C93-70D0-4215-9BF1-446B38EAA616}.Release|Any CPU.Build.0 = Release|Any CPU
		{74E61C93-70D0-4215-9BF1-446B38EAA616}.Debug|iPhoneSimulator.ActiveCfg = Debug|Any CPU
		{74E61C93-70D0-4215-9BF1-446B38EAA616}.Debug|iPhoneSimulator.Build.0 = Debug|Any CPU
		{74E61C93-70D0-4215-9BF1-446B38EAA616}.Release|iPhone.ActiveCfg = Release|Any CPU
		{74E61C93-70D0-4215-9BF1-446B38EAA616}.Release|iPhone.Build.0 = Release|Any CPU
		{74E61C93-70D0-4215-9BF1-446B38EAA616}.Release|iPhoneSimulator.ActiveCfg = Release|Any CPU
		{74E61C93-70D0-4215-9BF1-446B38EAA616}.Release|iPhoneSimulator.Build.0 = Release|Any CPU
		{74E61C93-70D0-4215-9BF1-446B38EAA616}.Debug|iPhone.ActiveCfg = Debug|Any CPU
		{74E61C93-70D0-4215-9BF1-446B38EAA616}.Debug|iPhone.Build.0 = Debug|Any CPU
		{6B33F81C-BE44-48B9-BE7E-5A0218C9EF77}.Debug|Any CPU.ActiveCfg = Debug|iPhoneSimulator
		{6B33F81C-BE44-48B9-BE7E-5A0218C9EF77}.Debug|Any CPU.Build.0 = Debug|iPhoneSimulator
		{6B33F81C-BE44-48B9-BE7E-5A0218C9EF77}.Release|Any CPU.ActiveCfg = Release|iPhone
		{6B33F81C-BE44-48B9-BE7E-5A0218C9EF77}.Release|Any CPU.Build.0 = Release|iPhone
		{6B33F81C-BE44-48B9-BE7E-5A0218C9EF77}.Debug|iPhoneSimulator.ActiveCfg = Debug|iPhoneSimulator
		{6B33F81C-BE44-48B9-BE7E-5A0218C9EF77}.Debug|iPhoneSimulator.Build.0 = Debug|iPhoneSimulator
		{6B33F81C-BE44-48B9-BE7E-5A0218C9EF77}.Release|iPhone.ActiveCfg = Release|iPhone
		{6B33F81C-BE44-48B9-BE7E-5A0218C9EF77}.Release|iPhone.Build.0 = Release|iPhone
		{6B33F81C-BE44-48B9-BE7E-5A0218C9EF77}.Release|iPhoneSimulator.ActiveCfg = Release|iPhoneSimulator
		{6B33F81C-BE44-48B9-BE7E-5A0218C9EF77}.Release|iPhoneSimulator.Build.0 = Release|iPhoneSimulator
		{6B33F81C-BE44-48B9-BE7E-5A0218C9EF77}.Debug|iPhone.ActiveCfg = Debug|iPhone
		{6B33F81C-BE44-48B9-BE7E-5A0218C9EF77}.Debug|iPhone.Build.0 = Debug|iPhone
		{5152B9DE-9864-41C1-AC56-068583CE5539}.Debug|Any CPU.ActiveCfg = Debug|Any CPU
		{5152B9DE-9864-41C1-AC56-068583CE5539}.Debug|Any CPU.Build.0 = Debug|Any CPU
		{5152B9DE-9864-41C1-AC56-068583CE5539}.Release|Any CPU.ActiveCfg = Release|Any CPU
		{5152B9DE-9864-41C1-AC56-068583CE5539}.Release|Any CPU.Build.0 = Release|Any CPU
		{5152B9DE-9864-41C1-AC56-068583CE5539}.Debug|iPhoneSimulator.ActiveCfg = Debug|Any CPU
		{5152B9DE-9864-41C1-AC56-068583CE5539}.Debug|iPhoneSimulator.Build.0 = Debug|Any CPU
		{5152B9DE-9864-41C1-AC56-068583CE5539}.Release|iPhone.ActiveCfg = Release|Any CPU
		{5152B9DE-9864-41C1-AC56-068583CE5539}.Release|iPhone.Build.0 = Release|Any CPU
		{5152B9DE-9864-41C1-AC56-068583CE5539}.Release|iPhoneSimulator.ActiveCfg = Release|Any CPU
		{5152B9DE-9864-41C1-AC56-068583CE5539}.Release|iPhoneSimulator.Build.0 = Release|Any CPU
		{5152B9DE-9864-41C1-AC56-068583CE5539}.Debug|iPhone.ActiveCfg = Debug|Any CPU
		{5152B9DE-9864-41C1-AC56-068583CE5539}.Debug|iPhone.Build.0 = Debug|Any CPU
	EndGlobalSection
EndGlobal
